<Solution>
  <Folder Name="/src/">
    <Project Path="src/PartyGame.Content/PartyGame.Content.csproj" />
    <Project Path="src/PartyGame.Contracts/PartyGame.Contracts.csproj" />
    <Project Path="src/PartyGame.Engine/PartyGame.Engine.csproj" />
    <Project Path="src/PartyGame.Server/PartyGame.Server.csproj" />
  </Folder>
  <Folder Name="/tests/">
    <Project Path="tests/PartyGame.Bots.Tests/PartyGame.Bots.Tests.csproj" />
    <Project Path="tests/PartyGame.Content.Tests/PartyGame.Content.Tests.csproj" />
    <Project Path="tests/PartyGame.Contracts.Tests/PartyGame.Contracts.Tests.csproj" />
    <Project Path="tests/PartyGame.Engine.Tests/PartyGame.Engine.Tests.csproj" />
    <Project Path="tests/PartyGame.Server.Tests/PartyGame.Server.Tests.csproj" />
    <Project Path="tests/PartyGame.TypeGen.Tests/PartyGame.TypeGen.Tests.csproj" />
  </Folder>
  <Folder Name="/Solution Items/">
    <File Path=".editorconfig" />
    <File Path="Directory.Build.props" />
    <File Path="Directory.Packages.props" />
    <File Path="global.json" />
  </Folder>
  <Folder Name="/tools/">
    <Project Path="tools/PartyGame.Bots/PartyGame.Bots.csproj" />
    <Project Path="tools/PartyGame.TypeGen/PartyGame.TypeGen.csproj" />
  </Folder>
</Solution>
